
Microsoft Visual Studio Solution File, Format Version 12.00
# Visual Studio Version 17
VisualStudioVersion = 17.9.34622.214
MinimumVisualStudioVersion = 10.0.40219.1
Project("{FAE04EC0-301F-11D3-BF4B-00C04F79EFBC}") = "EF_Overview", "EF_Overview\EF_Overview.csproj", "{69EF6324-F859-4CB1-9CCE-B8EC0B8DFBFE}"
EndProject
Global
	GlobalSection(SolutionConfigurationPlatforms) = preSolution
		Debug|Any CPU = Debug|Any CPU
		Release|Any CPU = Release|Any CPU
	EndGlobalSection
	GlobalSection(ProjectConfigurationPlatforms) = postSolution
		{69EF6324-F859-4CB1-9CCE-B8EC0B8DFBFE}.Debug|Any CPU.ActiveCfg = Debug|Any CPU
		{69EF6324-F859-4CB1-9CCE-B8EC0B8DFBFE}.Debug|Any CPU.Build.0 = Debug|Any CPU
		{69EF6324-F859-4CB1-9CCE-B8EC0B8DFBFE}.Release|Any CPU.ActiveCfg = Release|Any CPU
		{69EF6324-F859-4CB1-9CCE-B8EC0B8DFBFE}.Release|Any CPU.Build.0 = Release|Any CPU
	EndGlobalSection
	GlobalSection(SolutionProperties) = preSolution
		HideSolutionNode = FALSE
	EndGlobalSection
	GlobalSection(ExtensibilityGlobals) = postSolution
		SolutionGuid = {7BA5E12D-8DA4-49B8-A32B-5AE82CC8BF69}
	EndGlobalSection
EndGlobal
